// !$*UTF8*$!
{
	archiveVersion = 1;
	classes = {
	};
	objectVersion = 77;
	objects = {

/* Begin PBXBuildFile section */
		B4A553C82CDF07AF00F97081 /* FirebaseAnalytics in Frameworks */ = {isa = PBXBuildFile; productRef = B4A553C72CDF07AF00F97081 /* FirebaseAnalytics */; };
		B4A553CA2CDF07AF00F97081 /* FirebaseAuth in Frameworks */ = {isa = PBXBuildFile; productRef = B4A553C92CDF07AF00F97081 /* FirebaseAuth */; };
		B4A553CC2CDF07AF00F97081 /* FirebaseCore in Frameworks */ = {isa = PBXBuildFile; productRef = B4A553CB2CDF07AF00F97081 /* FirebaseCore */; };
		B4A553CE2CDF07AF00F97081 /* FirebaseFirestore in Frameworks */ = {isa = PBXBuildFile; productRef = B4A553CD2CDF07AF00F97081 /* FirebaseFirestore */; };
		B4A553D02CDF07AF00F97081 /* FirebaseInAppMessaging-Beta in Frameworks */ = {isa = PBXBuildFile; productRef = B4A553CF2CDF07AF00F97081 /* FirebaseInAppMessaging-Beta */; };
		B4A553D22CDF07AF00F97081 /* FirebaseMessaging in Frameworks */ = {isa = PBXBuildFile; productRef = B4A553D12CDF07AF00F97081 /* FirebaseMessaging */; };
		B4A553D42CDF07AF00F97081 /* FirebaseRemoteConfig in Frameworks */ = {isa = PBXBuildFile; productRef = B4A553D32CDF07AF00F97081 /* FirebaseRemoteConfig */; };
		B4A553D62CDF07AF00F97081 /* FirebaseStorage in Frameworks */ = {isa = PBXBuildFile; productRef = B4A553D52CDF07AF00F97081 /* FirebaseStorage */; };
		B4FB6A7F2D0B537A008BD14F /* PopupView in Frameworks */ = {isa = PBXBuildFile; productRef = B4FB6A7E2D0B537A008BD14F /* PopupView */; };
		D5F4592A2D0622F300ACF0EB /* EOSC Reel.mp4 in Resources */ = {isa = PBXBuildFile; fileRef = D5F459292D0622F300ACF0EB /* EOSC Reel.mp4 */; };
		D5F4592C2D06389500ACF0EB /* Woman Adding Cookies.mp4 in Resources */ = {isa = PBXBuildFile; fileRef = D5F4592B2D06389500ACF0EB /* Woman Adding Cookies.mp4 */; };
		D5F459302D066A3400ACF0EB /* Woman Breaking Cookie.mp4 in Resources */ = {isa = PBXBuildFile; fileRef = D5F4592F2D066A3400ACF0EB /* Woman Breaking Cookie.mp4 */; };
		D5F45AE12D07C34200ACF0EB /* Cookie Background.jpg in Resources */ = {isa = PBXBuildFile; fileRef = D5F45AE02D07C34200ACF0EB /* Cookie Background.jpg */; };
		D5F45AE32D07E6BF00ACF0EB /* Toppings Falling.jpg in Resources */ = {isa = PBXBuildFile; fileRef = D5F45AE22D07E6BF00ACF0EB /* Toppings Falling.jpg */; };
/* End PBXBuildFile section */

/* Begin PBXFileReference section */
		D51F9EE82CDE9FF2009DFD35 /* CookieApp.app */ = {isa = PBXFileReference; explicitFileType = wrapper.application; includeInIndex = 0; path = CookieApp.app; sourceTree = BUILT_PRODUCTS_DIR; };
		D5F459292D0622F300ACF0EB /* EOSC Reel.mp4 */ = {isa = PBXFileReference; lastKnownFileType = file; path = "EOSC Reel.mp4"; sourceTree = "<group>"; };
		D5F4592B2D06389500ACF0EB /* Woman Adding Cookies.mp4 */ = {isa = PBXFileReference; lastKnownFileType = file; path = "Woman Adding Cookies.mp4"; sourceTree = "<group>"; };
		D5F4592F2D066A3400ACF0EB /* Woman Breaking Cookie.mp4 */ = {isa = PBXFileReference; lastKnownFileType = file; path = "Woman Breaking Cookie.mp4"; sourceTree = "<group>"; };
		D5F45AE02D07C34200ACF0EB /* Cookie Background.jpg */ = {isa = PBXFileReference; lastKnownFileType = image.jpeg; path = "Cookie Background.jpg"; sourceTree = "<group>"; };
		D5F45AE22D07E6BF00ACF0EB /* Toppings Falling.jpg */ = {isa = PBXFileReference; lastKnownFileType = image.jpeg; path = "Toppings Falling.jpg"; sourceTree = "<group>"; };
/* End PBXFileReference section */

/* Begin PBXFileSystemSynchronizedBuildFileExceptionSet section */
		B4289DA22D08F52300B732C8 /* Exceptions for "CookieApp" folder in "CookieApp" target */ = {
			isa = PBXFileSystemSynchronizedBuildFileExceptionSet;
			membershipExceptions = (
				Info.plist,
			);
			target = D51F9EE72CDE9FF2009DFD35 /* CookieApp */;
		};
/* End PBXFileSystemSynchronizedBuildFileExceptionSet section */

/* Begin PBXFileSystemSynchronizedRootGroup section */
		D51F9EEA2CDE9FF2009DFD35 /* CookieApp */ = {
			isa = PBXFileSystemSynchronizedRootGroup;
			exceptions = (
				B4289DA22D08F52300B732C8 /* Exceptions for "CookieApp" folder in "CookieApp" target */,
			);
			path = CookieApp;
			sourceTree = "<group>";
		};
/* End PBXFileSystemSynchronizedRootGroup section */

/* Begin PBXFrameworksBuildPhase section */
		D51F9EE52CDE9FF2009DFD35 /* Frameworks */ = {
			isa = PBXFrameworksBuildPhase;
			buildActionMask = 2147483647;
			files = (
				B4A553D22CDF07AF00F97081 /* FirebaseMessaging in Frameworks */,
				B4A553C82CDF07AF00F97081 /* FirebaseAnalytics in Frameworks */,
				B4A553CE2CDF07AF00F97081 /* FirebaseFirestore in Frameworks */,
				B4FB6A7F2D0B537A008BD14F /* PopupView in Frameworks */,
				B4A553D42CDF07AF00F97081 /* FirebaseRemoteConfig in Frameworks */,
				B4A553CC2CDF07AF00F97081 /* FirebaseCore in Frameworks */,
				B4A553D62CDF07AF00F97081 /* FirebaseStorage in Frameworks */,
				B4A553CA2CDF07AF00F97081 /* FirebaseAuth in Frameworks */,
				B4A553D02CDF07AF00F97081 /* FirebaseInAppMessaging-Beta in Frameworks */,
			);
			runOnlyForDeploymentPostprocessing = 0;
		};
/* End PBXFrameworksBuildPhase section */

/* Begin PBXGroup section */
		D51F9EDF2CDE9FF2009DFD35 = {
			isa = PBXGroup;
			children = (
				D5F45AE22D07E6BF00ACF0EB /* Toppings Falling.jpg */,
				D5F45AE02D07C34200ACF0EB /* Cookie Background.jpg */,
				D5F4592F2D066A3400ACF0EB /* Woman Breaking Cookie.mp4 */,
				D5F4592B2D06389500ACF0EB /* Woman Adding Cookies.mp4 */,
				D5F459292D0622F300ACF0EB /* EOSC Reel.mp4 */,
				D51F9EEA2CDE9FF2009DFD35 /* CookieApp */,
				D51F9EE92CDE9FF2009DFD35 /* Products */,
			);
			sourceTree = "<group>";
		};
		D51F9EE92CDE9FF2009DFD35 /* Products */ = {
			isa = PBXGroup;
			children = (
				D51F9EE82CDE9FF2009DFD35 /* CookieApp.app */,
			);
			name = Products;
			sourceTree = "<group>";
		};
/* End PBXGroup section */

/* Begin PBXNativeTarget section */
		D51F9EE72CDE9FF2009DFD35 /* CookieApp */ = {
			isa = PBXNativeTarget;
			buildConfigurationList = D51F9EF62CDE9FF3009DFD35 /* Build configuration list for PBXNativeTarget "CookieApp" */;
			buildPhases = (
				D51F9EE42CDE9FF2009DFD35 /* Sources */,
				D51F9EE52CDE9FF2009DFD35 /* Frameworks */,
				D51F9EE62CDE9FF2009DFD35 /* Resources */,
			);
			buildRules = (
			);
			dependencies = (
			);
			fileSystemSynchronizedGroups = (
				D51F9EEA2CDE9FF2009DFD35 /* CookieApp */,
			);
			name = CookieApp;
			packageProductDependencies = (
				B4A553C72CDF07AF00F97081 /* FirebaseAnalytics */,
				B4A553C92CDF07AF00F97081 /* FirebaseAuth */,
				B4A553CB2CDF07AF00F97081 /* FirebaseCore */,
				B4A553CD2CDF07AF00F97081 /* FirebaseFirestore */,
				B4A553CF2CDF07AF00F97081 /* FirebaseInAppMessaging-Beta */,
				B4A553D12CDF07AF00F97081 /* FirebaseMessaging */,
				B4A553D32CDF07AF00F97081 /* FirebaseRemoteConfig */,
				B4A553D52CDF07AF00F97081 /* FirebaseStorage */,
				B4FB6A7E2D0B537A008BD14F /* PopupView */,
			);
			productName = CookieApp;
			productReference = D51F9EE82CDE9FF2009DFD35 /* CookieApp.app */;
			productType = "com.apple.product-type.application";
		};
/* End PBXNativeTarget section */

/* Begin PBXProject section */
		D51F9EE02CDE9FF2009DFD35 /* Project object */ = {
			isa = PBXProject;
			attributes = {
				BuildIndependentTargetsInParallel = 1;
				LastSwiftUpdateCheck = 1600;
				LastUpgradeCheck = 1600;
				TargetAttributes = {
					D51F9EE72CDE9FF2009DFD35 = {
						CreatedOnToolsVersion = 16.0;
					};
				};
			};
			buildConfigurationList = D51F9EE32CDE9FF2009DFD35 /* Build configuration list for PBXProject "CookieApp" */;
			developmentRegion = en;
			hasScannedForEncodings = 0;
			knownRegions = (
				en,
				Base,
			);
			mainGroup = D51F9EDF2CDE9FF2009DFD35;
			minimizedProjectReferenceProxies = 1;
			packageReferences = (
				B4A553C62CDF07AF00F97081 /* XCRemoteSwiftPackageReference "firebase-ios-sdk" */,
				B4FB6A7D2D0B537A008BD14F /* XCRemoteSwiftPackageReference "PopupView" */,
			);
			preferredProjectObjectVersion = 77;
			productRefGroup = D51F9EE92CDE9FF2009DFD35 /* Products */;
			projectDirPath = "";
			projectRoot = "";
			targets = (
				D51F9EE72CDE9FF2009DFD35 /* CookieApp */,
			);
		};
/* End PBXProject section */

/* Begin PBXResourcesBuildPhase section */
		D51F9EE62CDE9FF2009DFD35 /* Resources */ = {
			isa = PBXResourcesBuildPhase;
			buildActionMask = 2147483647;
			files = (
				D5F45AE32D07E6BF00ACF0EB /* Toppings Falling.jpg in Resources */,
				D5F45AE12D07C34200ACF0EB /* Cookie Background.jpg in Resources */,
				D5F4592C2D06389500ACF0EB /* Woman Adding Cookies.mp4 in Resources */,
				D5F4592A2D0622F300ACF0EB /* EOSC Reel.mp4 in Resources */,
				D5F459302D066A3400ACF0EB /* Woman Breaking Cookie.mp4 in Resources */,
			);
			runOnlyForDeploymentPostprocessing = 0;
		};
/* End PBXResourcesBuildPhase section */

/* Begin PBXSourcesBuildPhase section */
		D51F9EE42CDE9FF2009DFD35 /* Sources */ = {
			isa = PBXSourcesBuildPhase;
			buildActionMask = 2147483647;
			files = (
			);
			runOnlyForDeploymentPostprocessing = 0;
		};
/* End PBXSourcesBuildPhase section */

/* Begin XCBuildConfiguration section */
		D51F9EF42CDE9FF3009DFD35 /* Debug */ = {
			isa = XCBuildConfiguration;
			buildSettings = {
				ALWAYS_SEARCH_USER_PATHS = NO;
				ASSETCATALOG_COMPILER_GENERATE_SWIFT_ASSET_SYMBOL_EXTENSIONS = YES;
				CLANG_ANALYZER_NONNULL = YES;
				CLANG_ANALYZER_NUMBER_OBJECT_CONVERSION = YES_AGGRESSIVE;
				CLANG_CXX_LANGUAGE_STANDARD = "gnu++20";
				CLANG_ENABLE_MODULES = YES;
				CLANG_ENABLE_OBJC_ARC = YES;
				CLANG_ENABLE_OBJC_WEAK = YES;
				CLANG_WARN_BLOCK_CAPTURE_AUTORELEASING = YES;
				CLANG_WARN_BOOL_CONVERSION = YES;
				CLANG_WARN_COMMA = YES;
				CLANG_WARN_CONSTANT_CONVERSION = YES;
				CLANG_WARN_DEPRECATED_OBJC_IMPLEMENTATIONS = YES;
				CLANG_WARN_DIRECT_OBJC_ISA_USAGE = YES_ERROR;
				CLANG_WARN_DOCUMENTATION_COMMENTS = YES;
				CLANG_WARN_EMPTY_BODY = YES;
				CLANG_WARN_ENUM_CONVERSION = YES;
				CLANG_WARN_INFINITE_RECURSION = YES;
				CLANG_WARN_INT_CONVERSION = YES;
				CLANG_WARN_NON_LITERAL_NULL_CONVERSION = YES;
				CLANG_WARN_OBJC_IMPLICIT_RETAIN_SELF = YES;
				CLANG_WARN_OBJC_LITERAL_CONVERSION = YES;
				CLANG_WARN_OBJC_ROOT_CLASS = YES_ERROR;
				CLANG_WARN_QUOTED_INCLUDE_IN_FRAMEWORK_HEADER = YES;
				CLANG_WARN_RANGE_LOOP_ANALYSIS = YES;
				CLANG_WARN_STRICT_PROTOTYPES = YES;
				CLANG_WARN_SUSPICIOUS_MOVE = YES;
				CLANG_WARN_UNGUARDED_AVAILABILITY = YES_AGGRESSIVE;
				CLANG_WARN_UNREACHABLE_CODE = YES;
				CLANG_WARN__DUPLICATE_METHOD_MATCH = YES;
				COPY_PHASE_STRIP = NO;
				DEBUG_INFORMATION_FORMAT = dwarf;
				ENABLE_STRICT_OBJC_MSGSEND = YES;
				ENABLE_TESTABILITY = YES;
				ENABLE_USER_SCRIPT_SANDBOXING = YES;
				GCC_C_LANGUAGE_STANDARD = gnu17;
				GCC_DYNAMIC_NO_PIC = NO;
				GCC_NO_COMMON_BLOCKS = YES;
				GCC_OPTIMIZATION_LEVEL = 0;
				GCC_PREPROCESSOR_DEFINITIONS = (
					"DEBUG=1",
					"$(inherited)",
				);
				GCC_WARN_64_TO_32_BIT_CONVERSION = YES;
				GCC_WARN_ABOUT_RETURN_TYPE = YES_ERROR;
				GCC_WARN_UNDECLARED_SELECTOR = YES;
				GCC_WARN_UNINITIALIZED_AUTOS = YES_AGGRESSIVE;
				GCC_WARN_UNUSED_FUNCTION = YES;
				GCC_WARN_UNUSED_VARIABLE = YES;
				IPHONEOS_DEPLOYMENT_TARGET = 18.0;
				LOCALIZATION_PREFERS_STRING_CATALOGS = YES;
				MTL_ENABLE_DEBUG_INFO = INCLUDE_SOURCE;
				MTL_FAST_MATH = YES;
				ONLY_ACTIVE_ARCH = YES;
				SDKROOT = iphoneos;
				SWIFT_ACTIVE_COMPILATION_CONDITIONS = "DEBUG $(inherited)";
				SWIFT_OPTIMIZATION_LEVEL = "-Onone";
			};
			name = Debug;
		};
		D51F9EF52CDE9FF3009DFD35 /* Release */ = {
			isa = XCBuildConfiguration;
			buildSettings = {
				ALWAYS_SEARCH_USER_PATHS = NO;
				ASSETCATALOG_COMPILER_GENERATE_SWIFT_ASSET_SYMBOL_EXTENSIONS = YES;
				CLANG_ANALYZER_NONNULL = YES;
				CLANG_ANALYZER_NUMBER_OBJECT_CONVERSION = YES_AGGRESSIVE;
				CLANG_CXX_LANGUAGE_STANDARD = "gnu++20";
				CLANG_ENABLE_MODULES = YES;
				CLANG_ENABLE_OBJC_ARC = YES;
				CLANG_ENABLE_OBJC_WEAK = YES;
				CLANG_WARN_BLOCK_CAPTURE_AUTORELEASING = YES;
				CLANG_WARN_BOOL_CONVERSION = YES;
				CLANG_WARN_COMMA = YES;
				CLANG_WARN_CONSTANT_CONVERSION = YES;
				CLANG_WARN_DEPRECATED_OBJC_IMPLEMENTATIONS = YES;
				CLANG_WARN_DIRECT_OBJC_ISA_USAGE = YES_ERROR;
				CLANG_WARN_DOCUMENTATION_COMMENTS = YES;
				CLANG_WARN_EMPTY_BODY = YES;
				CLANG_WARN_ENUM_CONVERSION = YES;
				CLANG_WARN_INFINITE_RECURSION = YES;
				CLANG_WARN_INT_CONVERSION = YES;
				CLANG_WARN_NON_LITERAL_NULL_CONVERSION = YES;
				CLANG_WARN_OBJC_IMPLICIT_RETAIN_SELF = YES;
				CLANG_WARN_OBJC_LITERAL_CONVERSION = YES;
				CLANG_WARN_OBJC_ROOT_CLASS = YES_ERROR;
				CLANG_WARN_QUOTED_INCLUDE_IN_FRAMEWORK_HEADER = YES;
				CLANG_WARN_RANGE_LOOP_ANALYSIS = YES;
				CLANG_WARN_STRICT_PROTOTYPES = YES;
				CLANG_WARN_SUSPICIOUS_MOVE = YES;
				CLANG_WARN_UNGUARDED_AVAILABILITY = YES_AGGRESSIVE;
				CLANG_WARN_UNREACHABLE_CODE = YES;
				CLANG_WARN__DUPLICATE_METHOD_MATCH = YES;
				COPY_PHASE_STRIP = NO;
				DEBUG_INFORMATION_FORMAT = "dwarf-with-dsym";
				ENABLE_NS_ASSERTIONS = NO;
				ENABLE_STRICT_OBJC_MSGSEND = YES;
				ENABLE_USER_SCRIPT_SANDBOXING = YES;
				GCC_C_LANGUAGE_STANDARD = gnu17;
				GCC_NO_COMMON_BLOCKS = YES;
				GCC_WARN_64_TO_32_BIT_CONVERSION = YES;
				GCC_WARN_ABOUT_RETURN_TYPE = YES_ERROR;
				GCC_WARN_UNDECLARED_SELECTOR = YES;
				GCC_WARN_UNINITIALIZED_AUTOS = YES_AGGRESSIVE;
				GCC_WARN_UNUSED_FUNCTION = YES;
				GCC_WARN_UNUSED_VARIABLE = YES;
				IPHONEOS_DEPLOYMENT_TARGET = 18.0;
				LOCALIZATION_PREFERS_STRING_CATALOGS = YES;
				MTL_ENABLE_DEBUG_INFO = NO;
				MTL_FAST_MATH = YES;
				SDKROOT = iphoneos;
				SWIFT_COMPILATION_MODE = wholemodule;
				VALIDATE_PRODUCT = YES;
			};
			name = Release;
		};
		D51F9EF72CDE9FF3009DFD35 /* Debug */ = {
			isa = XCBuildConfiguration;
			buildSettings = {
				ASSETCATALOG_COMPILER_APPICON_NAME = AppIcon;
				ASSETCATALOG_COMPILER_GLOBAL_ACCENT_COLOR_NAME = AccentColor;
				CODE_SIGN_ENTITLEMENTS = CookieApp/CookieApp.entitlements;
				CODE_SIGN_STYLE = Automatic;
				CURRENT_PROJECT_VERSION = 1;
				DEVELOPMENT_ASSET_PATHS = "\"CookieApp/Preview Content\"";
				DEVELOPMENT_TEAM = LB8N3FCMRG;
				ENABLE_PREVIEWS = YES;
				GENERATE_INFOPLIST_FILE = YES;
				INFOPLIST_FILE = CookieApp/Info.plist;
				INFOPLIST_KEY_UIApplicationSceneManifest_Generation = YES;
				INFOPLIST_KEY_UIApplicationSupportsIndirectInputEvents = YES;
				INFOPLIST_KEY_UILaunchScreen_Generation = YES;
				INFOPLIST_KEY_UISupportedInterfaceOrientations_iPad = "UIInterfaceOrientationPortrait UIInterfaceOrientationPortraitUpsideDown UIInterfaceOrientationLandscapeLeft UIInterfaceOrientationLandscapeRight";
				INFOPLIST_KEY_UISupportedInterfaceOrientations_iPhone = "UIInterfaceOrientationPortrait UIInterfaceOrientationLandscapeLeft UIInterfaceOrientationLandscapeRight";
				LD_RUNPATH_SEARCH_PATHS = (
					"$(inherited)",
					"@executable_path/Frameworks",
				);
				MARKETING_VERSION = 1.0;
				PRODUCT_BUNDLE_IDENTIFIER = edu.cedarville.itm3300.danielbaroi.CookieApp;
				PRODUCT_NAME = "$(TARGET_NAME)";
				SWIFT_EMIT_LOC_STRINGS = YES;
				SWIFT_VERSION = 5.0;
				TARGETED_DEVICE_FAMILY = "1,2";
			};
			name = Debug;
		};
		D51F9EF82CDE9FF3009DFD35 /* Release */ = {
			isa = XCBuildConfiguration;
			buildSettings = {
				ASSETCATALOG_COMPILER_APPICON_NAME = AppIcon;
				ASSETCATALOG_COMPILER_GLOBAL_ACCENT_COLOR_NAME = AccentColor;
				CODE_SIGN_ENTITLEMENTS = CookieApp/CookieApp.entitlements;
				CODE_SIGN_STYLE = Automatic;
				CURRENT_PROJECT_VERSION = 1;
				DEVELOPMENT_ASSET_PATHS = "\"CookieApp/Preview Content\"";
				DEVELOPMENT_TEAM = LB8N3FCMRG;
				ENABLE_PREVIEWS = YES;
				GENERATE_INFOPLIST_FILE = YES;
				INFOPLIST_FILE = CookieApp/Info.plist;
				INFOPLIST_KEY_UIApplicationSceneManifest_Generation = YES;
				INFOPLIST_KEY_UIApplicationSupportsIndirectInputEvents = YES;
				INFOPLIST_KEY_UILaunchScreen_Generation = YES;
				INFOPLIST_KEY_UISupportedInterfaceOrientations_iPad = "UIInterfaceOrientationPortrait UIInterfaceOrientationPortraitUpsideDown UIInterfaceOrientationLandscapeLeft UIInterfaceOrientationLandscapeRight";
				INFOPLIST_KEY_UISupportedInterfaceOrientations_iPhone = "UIInterfaceOrientationPortrait UIInterfaceOrientationLandscapeLeft UIInterfaceOrientationLandscapeRight";
				LD_RUNPATH_SEARCH_PATHS = (
					"$(inherited)",
					"@executable_path/Frameworks",
				);
				MARKETING_VERSION = 1.0;
				PRODUCT_BUNDLE_IDENTIFIER = edu.cedarville.itm3300.danielbaroi.CookieApp;
				PRODUCT_NAME = "$(TARGET_NAME)";
				SWIFT_EMIT_LOC_STRINGS = YES;
				SWIFT_VERSION = 5.0;
				TARGETED_DEVICE_FAMILY = "1,2";
			};
			name = Release;
		};
/* End XCBuildConfiguration section */

/* Begin XCConfigurationList section */
		D51F9EE32CDE9FF2009DFD35 /* Build configuration list for PBXProject "CookieApp" */ = {
			isa = XCConfigurationList;
			buildConfigurations = (
				D51F9EF42CDE9FF3009DFD35 /* Debug */,
				D51F9EF52CDE9FF3009DFD35 /* Release */,
			);
			defaultConfigurationIsVisible = 0;
			defaultConfigurationName = Release;
		};
		D51F9EF62CDE9FF3009DFD35 /* Build configuration list for PBXNativeTarget "CookieApp" */ = {
			isa = XCConfigurationList;
			buildConfigurations = (
				D51F9EF72CDE9FF3009DFD35 /* Debug */,
				D51F9EF82CDE9FF3009DFD35 /* Release */,
			);
			defaultConfigurationIsVisible = 0;
			defaultConfigurationName = Release;
		};
/* End XCConfigurationList section */

/* Begin XCRemoteSwiftPackageReference section */
		B4A553C62CDF07AF00F97081 /* XCRemoteSwiftPackageReference "firebase-ios-sdk" */ = {
			isa = XCRemoteSwiftPackageReference;
			repositoryURL = "https://github.com/firebase/firebase-ios-sdk";
			requirement = {
				kind = upToNextMajorVersion;
				minimumVersion = 11.4.0;
			};
		};
		B4FB6A7D2D0B537A008BD14F /* XCRemoteSwiftPackageReference "PopupView" */ = {
			isa = XCRemoteSwiftPackageReference;
			repositoryURL = "https://github.com/exyte/PopupView";
			requirement = {
				kind = upToNextMajorVersion;
				minimumVersion = 3.1.4;
			};
		};
/* End XCRemoteSwiftPackageReference section */

/* Begin XCSwiftPackageProductDependency section */
		B4A553C72CDF07AF00F97081 /* FirebaseAnalytics */ = {
			isa = XCSwiftPackageProductDependency;
			package = B4A553C62CDF07AF00F97081 /* XCRemoteSwiftPackageReference "firebase-ios-sdk" */;
			productName = FirebaseAnalytics;
		};
		B4A553C92CDF07AF00F97081 /* FirebaseAuth */ = {
			isa = XCSwiftPackageProductDependency;
			package = B4A553C62CDF07AF00F97081 /* XCRemoteSwiftPackageReference "firebase-ios-sdk" */;
			productName = FirebaseAuth;
		};
		B4A553CB2CDF07AF00F97081 /* FirebaseCore */ = {
			isa = XCSwiftPackageProductDependency;
			package = B4A553C62CDF07AF00F97081 /* XCRemoteSwiftPackageReference "firebase-ios-sdk" */;
			productName = FirebaseCore;
		};
		B4A553CD2CDF07AF00F97081 /* FirebaseFirestore */ = {
			isa = XCSwiftPackageProductDependency;
			package = B4A553C62CDF07AF00F97081 /* XCRemoteSwiftPackageReference "firebase-ios-sdk" */;
			productName = FirebaseFirestore;
		};
		B4A553CF2CDF07AF00F97081 /* FirebaseInAppMessaging-Beta */ = {
			isa = XCSwiftPackageProductDependency;
			package = B4A553C62CDF07AF00F97081 /* XCRemoteSwiftPackageReference "firebase-ios-sdk" */;
			productName = "FirebaseInAppMessaging-Beta";
		};
		B4A553D12CDF07AF00F97081 /* FirebaseMessaging */ = {
			isa = XCSwiftPackageProductDependency;
			package = B4A553C62CDF07AF00F97081 /* XCRemoteSwiftPackageReference "firebase-ios-sdk" */;
			productName = FirebaseMessaging;
		};
		B4A553D32CDF07AF00F97081 /* FirebaseRemoteConfig */ = {
			isa = XCSwiftPackageProductDependency;
			package = B4A553C62CDF07AF00F97081 /* XCRemoteSwiftPackageReference "firebase-ios-sdk" */;
			productName = FirebaseRemoteConfig;
		};
		B4A553D52CDF07AF00F97081 /* FirebaseStorage */ = {
			isa = XCSwiftPackageProductDependency;
			package = B4A553C62CDF07AF00F97081 /* XCRemoteSwiftPackageReference "firebase-ios-sdk" */;
			productName = FirebaseStorage;
		};
		B4FB6A7E2D0B537A008BD14F /* PopupView */ = {
			isa = XCSwiftPackageProductDependency;
			package = B4FB6A7D2D0B537A008BD14F /* XCRemoteSwiftPackageReference "PopupView" */;
			productName = PopupView;
		};
/* End XCSwiftPackageProductDependency section */
	};
	rootObject = D51F9EE02CDE9FF2009DFD35 /* Project object */;
}
